# THIS IS AN AUTOGENERATED FILE. DO NOT EDIT THIS FILE DIRECTLY.
# yarn lockfile v1


"@microsoft/1ds-core-js@4.2.0", "@microsoft/1ds-core-js@^4.1.2":
  version "4.2.0"
  resolved "https://registry.yarnpkg.com/@microsoft/1ds-core-js/-/1ds-core-js-4.2.0.tgz#add3790336814be6a128512748c51c73199eae51"
  integrity sha512-DUXl6pnEJSZzbHG4XYbSO3IMFi/2tqAFs02vSAG+nGjlufKDirM1QxFOre9t2OUZ4bpLDkExo3Yi/aHIG5D+xQ==
  dependencies:
    "@microsoft/applicationinsights-core-js" "3.2.0"
    "@microsoft/applicationinsights-shims" "3.0.1"
    "@microsoft/dynamicproto-js" "^2.0.3"
    "@nevware21/ts-async" ">= 0.5.1 < 2.x"
    "@nevware21/ts-utils" ">= 0.11.1 < 2.x"

"@microsoft/1ds-post-js@^4.1.2":
  version "4.2.0"
  resolved "https://registry.yarnpkg.com/@microsoft/1ds-post-js/-/1ds-post-js-4.2.0.tgz#1d9b580675e24e8ce9adbc81c3d9ae4a0821680e"
  integrity sha512-hvE2XDK22/iyOLaHTy8+KphSjFBj4D0qfTKnBU3GObWV40w89VVaSdcl53u8pCEdXlx2xbx2r9EszZLPiuPhvg==
  dependencies:
    "@microsoft/1ds-core-js" "4.2.0"
    "@microsoft/applicationinsights-shims" "3.0.1"
    "@microsoft/dynamicproto-js" "^2.0.3"
    "@nevware21/ts-async" ">= 0.5.1 < 2.x"
    "@nevware21/ts-utils" ">= 0.11.1 < 2.x"

"@microsoft/applicationinsights-channel-js@3.2.0":
  version "3.2.0"
  resolved "https://registry.yarnpkg.com/@microsoft/applicationinsights-channel-js/-/applicationinsights-channel-js-3.2.0.tgz#4939fa86dcffb18e472b2d9b12dfd5a2efb24dce"
  integrity sha512-mNIRZMSrrzigOzSbKflhTndFE/E0IMM07fKDop6ca0Ko6ejWINTlhLVhzjZPYDwoFbPKco+RX+B2NxFC6Fh+1w==
  dependencies:
    "@microsoft/applicationinsights-common" "3.2.0"
    "@microsoft/applicationinsights-core-js" "3.2.0"
    "@microsoft/applicationinsights-shims" "3.0.1"
    "@microsoft/dynamicproto-js" "^2.0.3"
    "@nevware21/ts-async" ">= 0.5.1 < 2.x"
    "@nevware21/ts-utils" ">= 0.11.1 < 2.x"

"@microsoft/applicationinsights-common@3.2.0":
  version "3.2.0"
  resolved "https://registry.yarnpkg.com/@microsoft/applicationinsights-common/-/applicationinsights-common-3.2.0.tgz#35c7f04fe85c03a1d0aff91350d1a3b90f6818e0"
  integrity sha512-oGTnmeAbl5ymHdbnDYg/GY6ZnJ712yBnCc+3pC9oolBfLxV0E0MsL6miiYDefsKmeZvv5r13FWoxxf6PGAv0Cw==
  dependencies:
    "@microsoft/applicationinsights-core-js" "3.2.0"
    "@microsoft/applicationinsights-shims" "3.0.1"
    "@microsoft/dynamicproto-js" "^2.0.3"
    "@nevware21/ts-utils" ">= 0.11.1 < 2.x"

"@microsoft/applicationinsights-core-js@3.2.0":
  version "3.2.0"
  resolved "https://registry.yarnpkg.com/@microsoft/applicationinsights-core-js/-/applicationinsights-core-js-3.2.0.tgz#2d020674ff98ef65f4251d32c1a3edf87e92fdfd"
  integrity sha512-QSX0nDWl045k0xZAEpe0LkrAsNquL3bNN19g2ZrSxnP0e248CLa6XdYvdaXd9tphFTJjOcjsPWMFsQm4NmtkuA==
  dependencies:
    "@microsoft/applicationinsights-shims" "3.0.1"
    "@microsoft/dynamicproto-js" "^2.0.3"
    "@nevware21/ts-async" ">= 0.5.1 < 2.x"
    "@nevware21/ts-utils" ">= 0.11.1 < 2.x"

"@microsoft/applicationinsights-shims@3.0.1":
  version "3.0.1"
  resolved "https://registry.yarnpkg.com/@microsoft/applicationinsights-shims/-/applicationinsights-shims-3.0.1.tgz#3865b73ace8405b9c4618cc5c571f2fe3876f06f"
  integrity sha512-DKwboF47H1nb33rSUfjqI6ryX29v+2QWcTrRvcQDA32AZr5Ilkr7whOOSsD1aBzwqX0RJEIP1Z81jfE3NBm/Lg==
  dependencies:
    "@nevware21/ts-utils" ">= 0.9.4 < 2.x"

"@microsoft/applicationinsights-web-basic@^3.1.2":
  version "3.2.0"
  resolved "https://registry.yarnpkg.com/@microsoft/applicationinsights-web-basic/-/applicationinsights-web-basic-3.2.0.tgz#97a0c9d2bc047331ec0336044010235577fc627d"
  integrity sha512-WlUSzEcRTiiHMqFJRIhZT9wUMJGXyzPNEuAAB3xQiCmZghluvLDBKuVhVa2rDcOkWxVJKjmK/Dypr95BK8t8Ig==
  dependencies:
    "@microsoft/applicationinsights-channel-js" "3.2.0"
    "@microsoft/applicationinsights-common" "3.2.0"
    "@microsoft/applicationinsights-core-js" "3.2.0"
    "@microsoft/applicationinsights-shims" "3.0.1"
    "@microsoft/dynamicproto-js" "^2.0.3"
    "@nevware21/ts-async" ">= 0.5.1 < 2.x"
    "@nevware21/ts-utils" ">= 0.11.1 < 2.x"

"@microsoft/dynamicproto-js@^2.0.3":
  version "2.0.3"
  resolved "https://registry.yarnpkg.com/@microsoft/dynamicproto-js/-/dynamicproto-js-2.0.3.tgz#ae2b408061e3ff01a97078429fc768331e239256"
  integrity sha512-JTWTU80rMy3mdxOjjpaiDQsTLZ6YSGGqsjURsY6AUQtIj0udlF/jYmhdLZu8693ZIC0T1IwYnFa0+QeiMnziBA==
  dependencies:
    "@nevware21/ts-utils" ">= 0.10.4 < 2.x"

"@nevware21/ts-async@>= 0.5.1 < 2.x":
  version "0.5.1"
  resolved "https://registry.yarnpkg.com/@nevware21/ts-async/-/ts-async-0.5.1.tgz#3f55fa5222b0af5a5bb019f67092cdcd6a5f82e6"
  integrity sha512-O2kN8n2HpDWJ7Oji+oTMnhITrCndmrNvrHbGDwAIBydx+FWvLE/vrw4QwnRRMvSCa2AJrcP59Ryklxv30KfkWQ==
  dependencies:
    "@nevware21/ts-utils" ">= 0.11.2 < 2.x"

"@nevware21/ts-utils@>= 0.10.4 < 2.x", "@nevware21/ts-utils@>= 0.11.1 < 2.x", "@nevware21/ts-utils@>= 0.11.2 < 2.x", "@nevware21/ts-utils@>= 0.9.4 < 2.x":
  version "0.11.2"
  resolved "https://registry.yarnpkg.com/@nevware21/ts-utils/-/ts-utils-0.11.2.tgz#5836f338c091f47358298da1f77a67a88219a6a5"
  integrity sha512-80W8BkS09kkGuUHJX50Fqq+QqAslxUaOQytH+3JhRacXs1EpEt2JOOkYKytqFZAYir3SeH9fahniEaDzIBxlUw==

"@types/dompurify@^2.3.1":
  version "2.3.1"
  resolved "https://registry.yarnpkg.com/@types/dompurify/-/dompurify-2.3.1.tgz#2934adcd31c4e6b02676f9c22f9756e5091c04dd"
  integrity sha512-YJth9qa0V/E6/XPH1Jq4BC8uCMmO8V1fKWn8PCvuZcAhMn7q0ez9LW6naQT04UZzjFfAPhyRMZmI2a2rbMlEFA==
  dependencies:
    "@types/trusted-types" "*"

"@types/linkify-it@*":
  version "3.0.2"
  resolved "https://registry.yarnpkg.com/@types/linkify-it/-/linkify-it-3.0.2.tgz#fd2cd2edbaa7eaac7e7f3c1748b52a19143846c9"
  integrity sha512-HZQYqbiFVWufzCwexrvh694SOim8z2d+xJl5UNamcvQFejLY/2YUtzXHYi3cHdI7PMlS8ejH2slRAOJQ32aNbA==

"@types/lodash.throttle@^4.1.3":
  version "4.1.3"
  resolved "https://registry.yarnpkg.com/@types/lodash.throttle/-/lodash.throttle-4.1.3.tgz#8bfa4fec519d09ebce56c815bcbff3e55c604db9"
  integrity sha512-FUm7uMuYRX7dzqmgX02bxdBwC75owUxGA4dDKtFePDLJ6N1ofXxkRX3NhJV8wOrNs/wCjaY6sDVJrD1lbyERoQ==
  dependencies:
    "@types/lodash" "*"

"@types/lodash@*":
  version "4.14.104"
  resolved "https://registry.yarnpkg.com/@types/lodash/-/lodash-4.14.104.tgz#53ee2357fa2e6e68379341d92eb2ecea4b11bb80"
  integrity sha512-ufQcVg4daO8xQ5kopxRHanqFdL4AI7ondQkV+2f+7mz3gvp0LkBx2zBRC6hfs3T87mzQFmf5Fck7Fi145Ul6NQ==

"@types/markdown-it@12.2.3":
  version "12.2.3"
  resolved "https://registry.yarnpkg.com/@types/markdown-it/-/markdown-it-12.2.3.tgz#0d6f6e5e413f8daaa26522904597be3d6cd93b51"
  integrity sha512-GKMHFfv3458yYy+v/N8gjufHO6MSZKCOXpZc5GXIWWy8uldwfmPn98vp81gZ5f9SVw8YYBctgfJ22a2d7AOMeQ==
  dependencies:
    "@types/linkify-it" "*"
    "@types/mdurl" "*"

"@types/mdurl@*":
  version "1.0.2"
  resolved "https://registry.yarnpkg.com/@types/mdurl/-/mdurl-1.0.2.tgz#e2ce9d83a613bacf284c7be7d491945e39e1f8e9"
  integrity sha512-eC4U9MlIcu2q0KQmXszyn5Akca/0jrQmwDRgpAMJai7qBWq4amIQhZyNau4VYGtCeALvW1/NtjzJJ567aZxfKA==

"@types/trusted-types@*":
  version "2.0.2"
  resolved "https://registry.yarnpkg.com/@types/trusted-types/-/trusted-types-2.0.2.tgz#fc25ad9943bcac11cceb8168db4f275e0e72e756"
  integrity sha512-F5DIZ36YVLE+PN+Zwws4kJogq47hNgX3Nx6WyDJ3kcplxyke3XIzB8uK5n/Lpm1HBsbGzd6nmGehL8cPekP+Tg==

"@types/vscode-notebook-renderer@^1.60.0":
  version "1.60.0"
  resolved "https://registry.yarnpkg.com/@types/vscode-notebook-renderer/-/vscode-notebook-renderer-1.60.0.tgz#8a67d561f48ddf46a95dfa9f712a79c72c7b8f7a"
  integrity sha512-u7TD2uuEZTVuitx0iijOJdKI0JLiQP6PsSBSRy2XmHXUOXcp5p1S56NrjOEDoF+PIHd3NL3eO6KTRSf5nukDqQ==

"@types/vscode-webview@^1.57.0":
  version "1.57.0"
  resolved "https://registry.yarnpkg.com/@types/vscode-webview/-/vscode-webview-1.57.0.tgz#bad5194d45ae8d03afc1c0f67f71ff5e7a243bbf"
  integrity sha512-x3Cb/SMa1IwRHfSvKaZDZOTh4cNoG505c3NjTqGlMC082m++x/ETUmtYniDsw6SSmYzZXO8KBNhYxR0+VqymqA==

"@vscode/extension-telemetry@0.9.6":
  version "0.9.6"
  resolved "https://registry.yarnpkg.com/@vscode/extension-telemetry/-/extension-telemetry-0.9.6.tgz#97041986ddae1ae80d3dec577e4ae107e8122f3f"
  integrity sha512-qWK2GNw+b69QRYpjuNM9g3JKToMICoNIdc0rQMtvb4gIG9vKKCZCVCz+ZOx6XM/YlfWAyuPiyxcjIY0xyF+Djg==
  dependencies:
    "@microsoft/1ds-core-js" "^4.1.2"
    "@microsoft/1ds-post-js" "^4.1.2"
    "@microsoft/applicationinsights-web-basic" "^3.1.2"

argparse@^2.0.1:
  version "2.0.1"
  resolved "https://registry.yarnpkg.com/argparse/-/argparse-2.0.1.tgz#246f50f3ca78a3240f6c997e8a9bd1eac49e4b38"
  integrity sha512-8+9WqebbFzpX9OR+Wa6O29asIogeRMzcGtAINdpMHHyAg10f05aSFVBbcEqGf/PXw1EjAZ+q2/bEBg3DvurK3Q==

dompurify@^2.3.3:
  version "2.3.3"
  resolved "https://registry.yarnpkg.com/dompurify/-/dompurify-2.3.3.tgz#c1af3eb88be47324432964d8abc75cf4b98d634c"
  integrity sha512-dqnqRkPMAjOZE0FogZ+ceJNM2dZ3V/yNOuFB7+39qpO93hHhfRpHw3heYQC7DPK9FqbQTfBKUJhiSfz4MvXYwg==

entities@~2.1.0:
  version "2.1.0"
  resolved "https://registry.yarnpkg.com/entities/-/entities-2.1.0.tgz#992d3129cf7df6870b96c57858c249a120f8b8b5"
  integrity sha512-hCx1oky9PFrJ611mf0ifBLBRW8lUUVRlFolb5gWRfIELabBlbp9xZvrqZLZAs+NxFnbfQoeGd8wDkygjg7U85w==

highlight.js@^11.4.0:
  version "11.4.0"
  resolved "https://registry.yarnpkg.com/highlight.js/-/highlight.js-11.4.0.tgz#34ceadd49e1596ee5aba3d99346cdfd4845ee05a"
  integrity sha512-nawlpCBCSASs7EdvZOYOYVkJpGmAOKMYZgZtUqSRqodZE0GRVcFKwo1RcpeOemqh9hyttTdd5wDBwHkuSyUfnA==

linkify-it@^3.0.1:
  version "3.0.3"
  resolved "https://registry.yarnpkg.com/linkify-it/-/linkify-it-3.0.3.tgz#a98baf44ce45a550efb4d49c769d07524cc2fa2e"
  integrity sha512-ynTsyrFSdE5oZ/O9GEf00kPngmOfVwazR5GKDq6EYfhlpFug3J2zybX56a2PRRpc9P+FuSoGNAwjlbDs9jJBPQ==
  dependencies:
    uc.micro "^1.0.1"

lodash.throttle@^4.1.1:
  version "4.1.1"
  resolved "https://registry.yarnpkg.com/lodash.throttle/-/lodash.throttle-4.1.1.tgz#c23e91b710242ac70c37f1e1cda9274cc39bf2f4"
  integrity sha1-wj6RtxAkKscMN/HhzaknTMOb8vQ=

markdown-it-front-matter@^0.2.1:
  version "0.2.1"
  resolved "https://registry.yarnpkg.com/markdown-it-front-matter/-/markdown-it-front-matter-0.2.1.tgz#dca49a827bb3cebb0528452c1d87dff276eb28dc"
  integrity sha512-ydUIqlKfDscRpRUTRcA3maeeUKn3Cl5EaKZSA+I/f0KOGCBurW7e+bbz59sxqkC3FA9Q2S2+t4mpkH9T0BCM6A==

markdown-it@^12.3.2:
  version "12.3.2"
  resolved "https://registry.yarnpkg.com/markdown-it/-/markdown-it-12.3.2.tgz#bf92ac92283fe983fe4de8ff8abfb5ad72cd0c90"
  integrity sha512-TchMembfxfNVpHkbtriWltGWc+m3xszaRD0CZup7GFFhzIgQqxIfn3eGj1yZpfuflzPvfkt611B2Q/Bsk1YnGg==
  dependencies:
    argparse "^2.0.1"
    entities "~2.1.0"
    linkify-it "^3.0.1"
    mdurl "^1.0.1"
    uc.micro "^1.0.5"

mdurl@^1.0.1:
  version "1.0.1"
  resolved "https://registry.yarnpkg.com/mdurl/-/mdurl-1.0.1.tgz#fe85b2ec75a59037f2adfec100fd6c601761152e"
  integrity sha1-/oWy7HWlkDfyrf7BAP1sYBdhFS4=

morphdom@^2.6.1:
  version "2.6.1"
  resolved "https://registry.yarnpkg.com/morphdom/-/morphdom-2.6.1.tgz#e868e24f989fa3183004b159aed643e628b4306e"
  integrity sha512-Y8YRbAEP3eKykroIBWrjcfMw7mmwJfjhqdpSvoqinu8Y702nAwikpXcNFDiIkyvfCLxLM9Wu95RZqo4a9jFBaA==

uc.micro@^1.0.1, uc.micro@^1.0.5:
  version "1.0.6"
  resolved "https://registry.yarnpkg.com/uc.micro/-/uc.micro-1.0.6.tgz#9c411a802a409a91fc6cf74081baba34b24499ac"
  integrity sha512-8Y75pvTYkLJW2hWQHXxoqRgV7qb9B+9vFEtidML+7koHUFapnVJAZ6cKs+Qjz5Aw3aZWHMC6u0wJE3At+nSGwA==

vscode-nls@^5.0.0:
  version "5.0.0"
  resolved "https://registry.yarnpkg.com/vscode-nls/-/vscode-nls-5.0.0.tgz#99f0da0bd9ea7cda44e565a74c54b1f2bc257840"
  integrity sha512-u0Lw+IYlgbEJFF6/qAqG2d1jQmJl0eyAGJHoAJqr2HT4M2BNuQYSEiSE75f52pXHSJm8AlTjnLLbBFPrdz2hpA==

vscode-uri@^3.0.3:
  version "3.0.3"
  resolved "https://registry.yarnpkg.com/vscode-uri/-/vscode-uri-3.0.3.tgz#a95c1ce2e6f41b7549f86279d19f47951e4f4d84"
  integrity sha512-EcswR2S8bpR7fD0YPeS7r2xXExrScVMxg4MedACaWHEtx9ftCF/qHG1xGkolzTPcEmjTavCQgbVzHUIdTMzFGA==
